// !$*UTF8*$!
{
	archiveVersion = 1;
	classes = {
	};
	objectVersion = 56;
	objects = {

/* Begin PBXBuildFile section */
		AAF2A35C2A455AA20081C9E6 /* myfirstApp.swift in Sources */ = {isa = PBXBuildFile; fileRef = AAF2A35B2A455AA20081C9E6 /* myfirstApp.swift */; };
		AAF2A35E2A455AA20081C9E6 /* ContentView.swift in Sources */ = {isa = PBXBuildFile; fileRef = AAF2A35D2A455AA20081C9E6 /* ContentView.swift */; };
		AAF2A3602A455AA30081C9E6 /* Assets.xcassets in Resources */ = {isa = PBXBuildFile; fileRef = AAF2A35F2A455AA30081C9E6 /* Assets.xcassets */; };
		AAF2A3642A455AA30081C9E6 /* Preview Assets.xcassets in Resources */ = {isa = PBXBuildFile; fileRef = AAF2A3632A455AA30081C9E6 /* Preview Assets.xcassets */; };
		AAF2A36E2A455AA30081C9E6 /* myfirstTests.swift in Sources */ = {isa = PBXBuildFile; fileRef = AAF2A36D2A455AA30081C9E6 /* myfirstTests.swift */; };
		AAF2A3782A455AA30081C9E6 /* myfirstUITests.swift in Sources */ = {isa = PBXBuildFile; fileRef = AAF2A3772A455AA30081C9E6 /* myfirstUITests.swift */; };
		AAF2A37A2A455AA30081C9E6 /* myfirstUITestsLaunchTests.swift in Sources */ = {isa = PBXBuildFile; fileRef = AAF2A3792A455AA30081C9E6 /* myfirstUITestsLaunchTests.swift */; };
/* End PBXBuildFile section */

/* Begin PBXContainerItemProxy section */
		AAF2A36A2A455AA30081C9E6 /* PBXContainerItemProxy */ = {
			isa = PBXContainerItemProxy;
			containerPortal = AAF2A3502A455AA20081C9E6 /* Project object */;
			proxyType = 1;
			remoteGlobalIDString = AAF2A3572A455AA20081C9E6;
			remoteInfo = myfirst;
		};
		AAF2A3742A455AA30081C9E6 /* PBXContainerItemProxy */ = {
			isa = PBXContainerItemProxy;
			containerPortal = AAF2A3502A455AA20081C9E6 /* Project object */;
			proxyType = 1;
			remoteGlobalIDString = AAF2A3572A455AA20081C9E6;
			remoteInfo = myfirst;
		};
/* End PBXContainerItemProxy section */

/* Begin PBXFileReference section */
		AAF2A3582A455AA20081C9E6 /* myfirst.app */ = {isa = PBXFileReference; explicitFileType = wrapper.application; includeInIndex = 0; path = myfirst.app; sourceTree = BUILT_PRODUCTS_DIR; };
		AAF2A35B2A455AA20081C9E6 /* myfirstApp.swift */ = {isa = PBXFileReference; lastKnownFileType = sourcecode.swift; path = myfirstApp.swift; sourceTree = "<group>"; };
		AAF2A35D2A455AA20081C9E6 /* ContentView.swift */ = {isa = PBXFileReference; lastKnownFileType = sourcecode.swift; path = ContentView.swift; sourceTree = "<group>"; };
		AAF2A35F2A455AA30081C9E6 /* Assets.xcassets */ = {isa = PBXFileReference; lastKnownFileType = folder.assetcatalog; path = Assets.xcassets; sourceTree = "<group>"; };
		AAF2A3612A455AA30081C9E6 /* myfirst.entitlements */ = {isa = PBXFileReference; lastKnownFileType = text.plist.entitlements; path = myfirst.entitlements; sourceTree = "<group>"; };
		AAF2A3632A455AA30081C9E6 /* Preview Assets.xcassets */ = {isa = PBXFileReference; lastKnownFileType = folder.assetcatalog; path = "Preview Assets.xcassets"; sourceTree = "<group>"; };
		AAF2A3692A455AA30081C9E6 /* myfirstTests.xctest */ = {isa = PBXFileReference; explicitFileType = wrapper.cfbundle; includeInIndex = 0; path = myfirstTests.xctest; sourceTree = BUILT_PRODUCTS_DIR; };
		AAF2A36D2A455AA30081C9E6 /* myfirstTests.swift */ = {isa = PBXFileReference; lastKnownFileType = sourcecode.swift; path = myfirstTests.swift; sourceTree = "<group>"; };
		AAF2A3732A455AA30081C9E6 /* myfirstUITests.xctest */ = {isa = PBXFileReference; explicitFileType = wrapper.cfbundle; includeInIndex = 0; path = myfirstUITests.xctest; sourceTree = BUILT_PRODUCTS_DIR; };
		AAF2A3772A455AA30081C9E6 /* myfirstUITests.swift */ = {isa = PBXFileReference; lastKnownFileType = sourcecode.swift; path = myfirstUITests.swift; sourceTree = "<group>"; };
		AAF2A3792A455AA30081C9E6 /* myfirstUITestsLaunchTests.swift */ = {isa = PBXFileReference; lastKnownFileType = sourcecode.swift; path = myfirstUITestsLaunchTests.swift; sourceTree = "<group>"; };
/* End PBXFileReference section */

/* Begin PBXFrameworksBuildPhase section */
		AAF2A3552A455AA20081C9E6 /* Frameworks */ = {
			isa = PBXFrameworksBuildPhase;
			buildActionMask = 2147483647;
			files = (
			);
			runOnlyForDeploymentPostprocessing = 0;
		};
		AAF2A3662A455AA30081C9E6 /* Frameworks */ = {
			isa = PBXFrameworksBuildPhase;
			buildActionMask = 2147483647;
			files = (
			);
			runOnlyForDeploymentPostprocessing = 0;
		};
		AAF2A3702A455AA30081C9E6 /* Frameworks */ = {
			isa = PBXFrameworksBuildPhase;
			buildActionMask = 2147483647;
			files = (
			);
			runOnlyForDeploymentPostprocessing = 0;
		};
/* End PBXFrameworksBuildPhase section */

/* Begin PBXGroup section */
		AAF2A34F2A455AA20081C9E6 = {
			isa = PBXGroup;
			children = (
				AAF2A35A2A455AA20081C9E6 /* myfirst */,
				AAF2A36C2A455AA30081C9E6 /* myfirstTests */,
				AAF2A3762A455AA30081C9E6 /* myfirstUITests */,
				AAF2A3592A455AA20081C9E6 /* Products */,
			);
			sourceTree = "<group>";
		};
		AAF2A3592A455AA20081C9E6 /* Products */ = {
			isa = PBXGroup;
			children = (
				AAF2A3582A455AA20081C9E6 /* myfirst.app */,
				AAF2A3692A455AA30081C9E6 /* myfirstTests.xctest */,
				AAF2A3732A455AA30081C9E6 /* myfirstUITests.xctest */,
			);
			name = Products;
			sourceTree = "<group>";
		};
		AAF2A35A2A455AA20081C9E6 /* myfirst */ = {
			isa = PBXGroup;
			children = (
				AAF2A35B2A455AA20081C9E6 /* myfirstApp.swift */,
				AAF2A35D2A455AA20081C9E6 /* ContentView.swift */,
				AAF2A35F2A455AA30081C9E6 /* Assets.xcassets */,
				AAF2A3612A455AA30081C9E6 /* myfirst.entitlements */,
				AAF2A3622A455AA30081C9E6 /* Preview Content */,
			);
			path = myfirst;
			sourceTree = "<group>";
		};
		AAF2A3622A455AA30081C9E6 /* Preview Content */ = {
			isa = PBXGroup;
			children = (
				AAF2A3632A455AA30081C9E6 /* Preview Assets.xcassets */,
			);
			path = "Preview Content";
			sourceTree = "<group>";
		};
		AAF2A36C2A455AA30081C9E6 /* myfirstTests */ = {
			isa = PBXGroup;
			children = (
				AAF2A36D2A455AA30081C9E6 /* myfirstTests.swift */,
			);
			path = myfirstTests;
			sourceTree = "<group>";
		};
		AAF2A3762A455AA30081C9E6 /* myfirstUITests */ = {
			isa = PBXGroup;
			children = (
				AAF2A3772A455AA30081C9E6 /* myfirstUITests.swift */,
				AAF2A3792A455AA30081C9E6 /* myfirstUITestsLaunchTests.swift */,
			);
			path = myfirstUITests;
			sourceTree = "<group>";
		};
/* End PBXGroup section */

/* Begin PBXNativeTarget section */
		AAF2A3572A455AA20081C9E6 /* myfirst */ = {
			isa = PBXNativeTarget;
			buildConfigurationList = AAF2A37D2A455AA30081C9E6 /* Build configuration list for PBXNativeTarget "myfirst" */;
			buildPhases = (
				AAF2A3542A455AA20081C9E6 /* Sources */,
				AAF2A3552A455AA20081C9E6 /* Frameworks */,
				AAF2A3562A455AA20081C9E6 /* Resources */,
			);
			buildRules = (
			);
			dependencies = (
			);
			name = myfirst;
			productName = myfirst;
			productReference = AAF2A3582A455AA20081C9E6 /* myfirst.app */;
			productType = "com.apple.product-type.application";
		};
		AAF2A3682A455AA30081C9E6 /* myfirstTests */ = {
			isa = PBXNativeTarget;
			buildConfigurationList = AAF2A3802A455AA30081C9E6 /* Build configuration list for PBXNativeTarget "myfirstTests" */;
			buildPhases = (
				AAF2A3652A455AA30081C9E6 /* Sources */,
				AAF2A3662A455AA30081C9E6 /* Frameworks */,
				AAF2A3672A455AA30081C9E6 /* Resources */,
			);
			buildRules = (
			);
			dependencies = (
				AAF2A36B2A455AA30081C9E6 /* PBXTargetDependency */,
			);
			name = myfirstTests;
			productName = myfirstTests;
			productReference = AAF2A3692A455AA30081C9E6 /* myfirstTests.xctest */;
			productType = "com.apple.product-type.bundle.unit-test";
		};
		AAF2A3722A455AA30081C9E6 /* myfirstUITests */ = {
			isa = PBXNativeTarget;
			buildConfigurationList = AAF2A3832A455AA30081C9E6 /* Build configuration list for PBXNativeTarget "myfirstUITests" */;
			buildPhases = (
				AAF2A36F2A455AA30081C9E6 /* Sources */,
				AAF2A3702A455AA30081C9E6 /* Frameworks */,
				AAF2A3712A455AA30081C9E6 /* Resources */,
			);
			buildRules = (
			);
			dependencies = (
				AAF2A3752A455AA30081C9E6 /* PBXTargetDependency */,
			);
			name = myfirstUITests;
			productName = myfirstUITests;
			productReference = AAF2A3732A455AA30081C9E6 /* myfirstUITests.xctest */;
			productType = "com.apple.product-type.bundle.ui-testing";
		};
/* End PBXNativeTarget section */

/* Begin PBXProject section */
		AAF2A3502A455AA20081C9E6 /* Project object */ = {
			isa = PBXProject;
			attributes = {
				BuildIndependentTargetsInParallel = 1;
				LastSwiftUpdateCheck = 1430;
				LastUpgradeCheck = 1430;
				TargetAttributes = {
					AAF2A3572A455AA20081C9E6 = {
						CreatedOnToolsVersion = 14.3.1;
					};
					AAF2A3682A455AA30081C9E6 = {
						CreatedOnToolsVersion = 14.3.1;
						TestTargetID = AAF2A3572A455AA20081C9E6;
					};
					AAF2A3722A455AA30081C9E6 = {
						CreatedOnToolsVersion = 14.3.1;
						TestTargetID = AAF2A3572A455AA20081C9E6;
					};
				};
			};
			buildConfigurationList = AAF2A3532A455AA20081C9E6 /* Build configuration list for PBXProject "myfirst" */;
			compatibilityVersion = "Xcode 14.0";
			developmentRegion = en;
			hasScannedForEncodings = 0;
			knownRegions = (
				en,
				Base,
			);
			mainGroup = AAF2A34F2A455AA20081C9E6;
			productRefGroup = AAF2A3592A455AA20081C9E6 /* Products */;
			projectDirPath = "";
			projectRoot = "";
			targets = (
				AAF2A3572A455AA20081C9E6 /* myfirst */,
				AAF2A3682A455AA30081C9E6 /* myfirstTests */,
				AAF2A3722A455AA30081C9E6 /* myfirstUITests */,
			);
		};
/* End PBXProject section */

/* Begin PBXResourcesBuildPhase section */
		AAF2A3562A455AA20081C9E6 /* Resources */ = {
			isa = PBXResourcesBuildPhase;
			buildActionMask = 2147483647;
			files = (
				AAF2A3642A455AA30081C9E6 /* Preview Assets.xcassets in Resources */,
				AAF2A3602A455AA30081C9E6 /* Assets.xcassets in Resources */,
			);
			runOnlyForDeploymentPostprocessing = 0;
		};
		AAF2A3672A455AA30081C9E6 /* Resources */ = {
			isa = PBXResourcesBuildPhase;
			buildActionMask = 2147483647;
			files = (
			);
			runOnlyForDeploymentPostprocessing = 0;
		};
		AAF2A3712A455AA30081C9E6 /* Resources */ = {
			isa = PBXResourcesBuildPhase;
			buildActionMask = 2147483647;
			files = (
			);
			runOnlyForDeploymentPostprocessing = 0;
		};
/* End PBXResourcesBuildPhase section */

/* Begin PBXSourcesBuildPhase section */
		AAF2A3542A455AA20081C9E6 /* Sources */ = {
			isa = PBXSourcesBuildPhase;
			buildActionMask = 2147483647;
			files = (
				AAF2A35E2A455AA20081C9E6 /* ContentView.swift in Sources */,
				AAF2A35C2A455AA20081C9E6 /* myfirstApp.swift in Sources */,
			);
			runOnlyForDeploymentPostprocessing = 0;
		};
		AAF2A3652A455AA30081C9E6 /* Sources */ = {
			isa = PBXSourcesBuildPhase;
			buildActionMask = 2147483647;
			files = (
				AAF2A36E2A455AA30081C9E6 /* myfirstTests.swift in Sources */,
			);
			runOnlyForDeploymentPostprocessing = 0;
		};
		AAF2A36F2A455AA30081C9E6 /* Sources */ = {
			isa = PBXSourcesBuildPhase;
			buildActionMask = 2147483647;
			files = (
				AAF2A3782A455AA30081C9E6 /* myfirstUITests.swift in Sources */,
				AAF2A37A2A455AA30081C9E6 /* myfirstUITestsLaunchTests.swift in Sources */,
			);
			runOnlyForDeploymentPostprocessing = 0;
		};
/* End PBXSourcesBuildPhase section */

/* Begin PBXTargetDependency section */
		AAF2A36B2A455AA30081C9E6 /* PBXTargetDependency */ = {
			isa = PBXTargetDependency;
			target = AAF2A3572A455AA20081C9E6 /* myfirst */;
			targetProxy = AAF2A36A2A455AA30081C9E6 /* PBXContainerItemProxy */;
		};
		AAF2A3752A455AA30081C9E6 /* PBXTargetDependency */ = {
			isa = PBXTargetDependency;
			target = AAF2A3572A455AA20081C9E6 /* myfirst */;
			targetProxy = AAF2A3742A455AA30081C9E6 /* PBXContainerItemProxy */;
		};
/* End PBXTargetDependency section */

/* Begin XCBuildConfiguration section */
		AAF2A37B2A455AA30081C9E6 /* Debug */ = {
			isa = XCBuildConfiguration;
			buildSettings = {
				ALWAYS_SEARCH_USER_PATHS = NO;
				CLANG_ANALYZER_NONNULL = YES;
				CLANG_ANALYZER_NUMBER_OBJECT_CONVERSION = YES_AGGRESSIVE;
				CLANG_CXX_LANGUAGE_STANDARD = "gnu++20";
				CLANG_ENABLE_MODULES = YES;
				CLANG_ENABLE_OBJC_ARC = YES;
				CLANG_ENABLE_OBJC_WEAK = YES;
				CLANG_WARN_BLOCK_CAPTURE_AUTORELEASING = YES;
				CLANG_WARN_BOOL_CONVERSION = YES;
				CLANG_WARN_COMMA = YES;
				CLANG_WARN_CONSTANT_CONVERSION = YES;
				CLANG_WARN_DEPRECATED_OBJC_IMPLEMENTATIONS = YES;
				CLANG_WARN_DIRECT_OBJC_ISA_USAGE = YES_ERROR;
				CLANG_WARN_DOCUMENTATION_COMMENTS = YES;
				CLANG_WARN_EMPTY_BODY = YES;
				CLANG_WARN_ENUM_CONVERSION = YES;
				CLANG_WARN_INFINITE_RECURSION = YES;
				CLANG_WARN_INT_CONVERSION = YES;
				CLANG_WARN_NON_LITERAL_NULL_CONVERSION = YES;
				CLANG_WARN_OBJC_IMPLICIT_RETAIN_SELF = YES;
				CLANG_WARN_OBJC_LITERAL_CONVERSION = YES;
				CLANG_WARN_OBJC_ROOT_CLASS = YES_ERROR;
				CLANG_WARN_QUOTED_INCLUDE_IN_FRAMEWORK_HEADER = YES;
				CLANG_WARN_RANGE_LOOP_ANALYSIS = YES;
				CLANG_WARN_STRICT_PROTOTYPES = YES;
				CLANG_WARN_SUSPICIOUS_MOVE = YES;
				CLANG_WARN_UNGUARDED_AVAILABILITY = YES_AGGRESSIVE;
				CLANG_WARN_UNREACHABLE_CODE = YES;
				CLANG_WARN__DUPLICATE_METHOD_MATCH = YES;
				COPY_PHASE_STRIP = NO;
				DEBUG_INFORMATION_FORMAT = dwarf;
				ENABLE_STRICT_OBJC_MSGSEND = YES;
				ENABLE_TESTABILITY = YES;
				GCC_C_LANGUAGE_STANDARD = gnu11;
				GCC_DYNAMIC_NO_PIC = NO;
				GCC_NO_COMMON_BLOCKS = YES;
				GCC_OPTIMIZATION_LEVEL = 0;
				GCC_PREPROCESSOR_DEFINITIONS = (
					"DEBUG=1",
					"$(inherited)",
				);
				GCC_WARN_64_TO_32_BIT_CONVERSION = YES;
				GCC_WARN_ABOUT_RETURN_TYPE = YES_ERROR;
				GCC_WARN_UNDECLARED_SELECTOR = YES;
				GCC_WARN_UNINITIALIZED_AUTOS = YES_AGGRESSIVE;
				GCC_WARN_UNUSED_FUNCTION = YES;
				GCC_WARN_UNUSED_VARIABLE = YES;
				MTL_ENABLE_DEBUG_INFO = INCLUDE_SOURCE;
				MTL_FAST_MATH = YES;
				ONLY_ACTIVE_ARCH = YES;
				SWIFT_ACTIVE_COMPILATION_CONDITIONS = DEBUG;
				SWIFT_OPTIMIZATION_LEVEL = "-Onone";
			};
			name = Debug;
		};
		AAF2A37C2A455AA30081C9E6 /* Release */ = {
			isa = XCBuildConfiguration;
			buildSettings = {
				ALWAYS_SEARCH_USER_PATHS = NO;
				CLANG_ANALYZER_NONNULL = YES;
				CLANG_ANALYZER_NUMBER_OBJECT_CONVERSION = YES_AGGRESSIVE;
				CLANG_CXX_LANGUAGE_STANDARD = "gnu++20";
				CLANG_ENABLE_MODULES = YES;
				CLANG_ENABLE_OBJC_ARC = YES;
				CLANG_ENABLE_OBJC_WEAK = YES;
				CLANG_WARN_BLOCK_CAPTURE_AUTORELEASING = YES;
				CLANG_WARN_BOOL_CONVERSION = YES;
				CLANG_WARN_COMMA = YES;
				CLANG_WARN_CONSTANT_CONVERSION = YES;
				CLANG_WARN_DEPRECATED_OBJC_IMPLEMENTATIONS = YES;
				CLANG_WARN_DIRECT_OBJC_ISA_USAGE = YES_ERROR;
				CLANG_WARN_DOCUMENTATION_COMMENTS = YES;
				CLANG_WARN_EMPTY_BODY = YES;
				CLANG_WARN_ENUM_CONVERSION = YES;
				CLANG_WARN_INFINITE_RECURSION = YES;
				CLANG_WARN_INT_CONVERSION = YES;
				CLANG_WARN_NON_LITERAL_NULL_CONVERSION = YES;
				CLANG_WARN_OBJC_IMPLICIT_RETAIN_SELF = YES;
				CLANG_WARN_OBJC_LITERAL_CONVERSION = YES;
				CLANG_WARN_OBJC_ROOT_CLASS = YES_ERROR;
				CLANG_WARN_QUOTED_INCLUDE_IN_FRAMEWORK_HEADER = YES;
				CLANG_WARN_RANGE_LOOP_ANALYSIS = YES;
				CLANG_WARN_STRICT_PROTOTYPES = YES;
				CLANG_WARN_SUSPICIOUS_MOVE = YES;
				CLANG_WARN_UNGUARDED_AVAILABILITY = YES_AGGRESSIVE;
				CLANG_WARN_UNREACHABLE_CODE = YES;
				CLANG_WARN__DUPLICATE_METHOD_MATCH = YES;
				COPY_PHASE_STRIP = NO;
				DEBUG_INFORMATION_FORMAT = "dwarf-with-dsym";
				ENABLE_NS_ASSERTIONS = NO;
				ENABLE_STRICT_OBJC_MSGSEND = YES;
				GCC_C_LANGUAGE_STANDARD = gnu11;
				GCC_NO_COMMON_BLOCKS = YES;
				GCC_WARN_64_TO_32_BIT_CONVERSION = YES;
				GCC_WARN_ABOUT_RETURN_TYPE = YES_ERROR;
				GCC_WARN_UNDECLARED_SELECTOR = YES;
				GCC_WARN_UNINITIALIZED_AUTOS = YES_AGGRESSIVE;
				GCC_WARN_UNUSED_FUNCTION = YES;
				GCC_WARN_UNUSED_VARIABLE = YES;
				MTL_ENABLE_DEBUG_INFO = NO;
				MTL_FAST_MATH = YES;
				SWIFT_COMPILATION_MODE = wholemodule;
				SWIFT_OPTIMIZATION_LEVEL = "-O";
			};
			name = Release;
		};
		AAF2A37E2A455AA30081C9E6 /* Debug */ = {
			isa = XCBuildConfiguration;
			buildSettings = {
				ASSETCATALOG_COMPILER_APPICON_NAME = AppIcon;
				ASSETCATALOG_COMPILER_GLOBAL_ACCENT_COLOR_NAME = AccentColor;
				CODE_SIGN_ENTITLEMENTS = myfirst/myfirst.entitlements;
				CODE_SIGN_STYLE = Automatic;
				CURRENT_PROJECT_VERSION = 1;
				DEVELOPMENT_ASSET_PATHS = "\"myfirst/Preview Content\"";
				DEVELOPMENT_TEAM = JZ6VTJF8NY;
				ENABLE_HARDENED_RUNTIME = YES;
				ENABLE_PREVIEWS = YES;
				GENERATE_INFOPLIST_FILE = YES;
				"INFOPLIST_KEY_UIApplicationSceneManifest_Generation[sdk=iphoneos*]" = YES;
				"INFOPLIST_KEY_UIApplicationSceneManifest_Generation[sdk=iphonesimulator*]" = YES;
				"INFOPLIST_KEY_UIApplicationSupportsIndirectInputEvents[sdk=iphoneos*]" = YES;
				"INFOPLIST_KEY_UIApplicationSupportsIndirectInputEvents[sdk=iphonesimulator*]" = YES;
				"INFOPLIST_KEY_UILaunchScreen_Generation[sdk=iphoneos*]" = YES;
				"INFOPLIST_KEY_UILaunchScreen_Generation[sdk=iphonesimulator*]" = YES;
				"INFOPLIST_KEY_UIStatusBarStyle[sdk=iphoneos*]" = UIStatusBarStyleDefault;
				"INFOPLIST_KEY_UIStatusBarStyle[sdk=iphonesimulator*]" = UIStatusBarStyleDefault;
				INFOPLIST_KEY_UISupportedInterfaceOrientations_iPad = "UIInterfaceOrientationPortrait UIInterfaceOrientationPortraitUpsideDown UIInterfaceOrientationLandscapeLeft UIInterfaceOrientationLandscapeRight";
				INFOPLIST_KEY_UISupportedInterfaceOrientations_iPhone = "UIInterfaceOrientationPortrait UIInterfaceOrientationLandscapeLeft UIInterfaceOrientationLandscapeRight";
				IPHONEOS_DEPLOYMENT_TARGET = 16.4;
				LD_RUNPATH_SEARCH_PATHS = "@executable_path/Frameworks";
				"LD_RUNPATH_SEARCH_PATHS[sdk=macosx*]" = "@executable_path/../Frameworks";
				MACOSX_DEPLOYMENT_TARGET = 13.3;
				MARKETING_VERSION = 1.0;
				PRODUCT_BUNDLE_IDENTIFIER = firstmy.myfirst;
				PRODUCT_NAME = "$(TARGET_NAME)";
				SDKROOT = auto;
				SUPPORTED_PLATFORMS = "iphoneos iphonesimulator macosx";
				SWIFT_EMIT_LOC_STRINGS = YES;
				SWIFT_VERSION = 5.0;
				TARGETED_DEVICE_FAMILY = "1,2";
			};
			name = Debug;
		};
		AAF2A37F2A455AA30081C9E6 /* Release */ = {
			isa = XCBuildConfiguration;
			buildSettings = {
				ASSETCATALOG_COMPILER_APPICON_NAME = AppIcon;
				ASSETCATALOG_COMPILER_GLOBAL_ACCENT_COLOR_NAME = AccentColor;
				CODE_SIGN_ENTITLEMENTS = myfirst/myfirst.entitlements;
				CODE_SIGN_STYLE = Automatic;
				CURRENT_PROJECT_VERSION = 1;
				DEVELOPMENT_ASSET_PATHS = "\"myfirst/Preview Content\"";
				DEVELOPMENT_TEAM = JZ6VTJF8NY;
				ENABLE_HARDENED_RUNTIME = YES;
				ENABLE_PREVIEWS = YES;
				GENERATE_INFOPLIST_FILE = YES;
				"INFOPLIST_KEY_UIApplicationSceneManifest_Generation[sdk=iphoneos*]" = YES;
				"INFOPLIST_KEY_UIApplicationSceneManifest_Generation[sdk=iphonesimulator*]" = YES;
				"INFOPLIST_KEY_UIApplicationSupportsIndirectInputEvents[sdk=iphoneos*]" = YES;
				"INFOPLIST_KEY_UIApplicationSupportsIndirectInputEvents[sdk=iphonesimulator*]" = YES;
				"INFOPLIST_KEY_UILaunchScreen_Generation[sdk=iphoneos*]" = YES;
				"INFOPLIST_KEY_UILaunchScreen_Generation[sdk=iphonesimulator*]" = YES;
				"INFOPLIST_KEY_UIStatusBarStyle[sdk=iphoneos*]" = UIStatusBarStyleDefault;
				"INFOPLIST_KEY_UIStatusBarStyle[sdk=iphonesimulator*]" = UIStatusBarStyleDefault;
				INFOPLIST_KEY_UISupportedInterfaceOrientations_iPad = "UIInterfaceOrientationPortrait UIInterfaceOrientationPortraitUpsideDown UIInterfaceOrientationLandscapeLeft UIInterfaceOrientationLandscapeRight";
				INFOPLIST_KEY_UISupportedInterfaceOrientations_iPhone = "UIInterfaceOrientationPortrait UIInterfaceOrientationLandscapeLeft UIInterfaceOrientationLandscapeRight";
				IPHONEOS_DEPLOYMENT_TARGET = 16.4;
				LD_RUNPATH_SEARCH_PATHS = "@executable_path/Frameworks";
				"LD_RUNPATH_SEARCH_PATHS[sdk=macosx*]" = "@executable_path/../Frameworks";
				MACOSX_DEPLOYMENT_TARGET = 13.3;
				MARKETING_VERSION = 1.0;
				PRODUCT_BUNDLE_IDENTIFIER = firstmy.myfirst;
				PRODUCT_NAME = "$(TARGET_NAME)";
				SDKROOT = auto;
				SUPPORTED_PLATFORMS = "iphoneos iphonesimulator macosx";
				SWIFT_EMIT_LOC_STRINGS = YES;
				SWIFT_VERSION = 5.0;
				TARGETED_DEVICE_FAMILY = "1,2";
			};
			name = Release;
		};
		AAF2A3812A455AA30081C9E6 /* Debug */ = {
			isa = XCBuildConfiguration;
			buildSettings = {
				ALWAYS_EMBED_SWIFT_STANDARD_LIBRARIES = YES;
				BUNDLE_LOADER = "$(TEST_HOST)";
				CODE_SIGN_STYLE = Automatic;
				CURRENT_PROJECT_VERSION = 1;
				DEVELOPMENT_TEAM = JZ6VTJF8NY;
				GENERATE_INFOPLIST_FILE = YES;
				IPHONEOS_DEPLOYMENT_TARGET = 16.4;
				MACOSX_DEPLOYMENT_TARGET = 13.3;
				MARKETING_VERSION = 1.0;
				PRODUCT_BUNDLE_IDENTIFIER = firstmy.myfirstTests;
				PRODUCT_NAME = "$(TARGET_NAME)";
				SDKROOT = auto;
				SUPPORTED_PLATFORMS = "iphoneos iphonesimulator macosx";
				SWIFT_EMIT_LOC_STRINGS = NO;
				SWIFT_VERSION = 5.0;
				TARGETED_DEVICE_FAMILY = "1,2";
				TEST_HOST = "$(BUILT_PRODUCTS_DIR)/myfirst.app/$(BUNDLE_EXECUTABLE_FOLDER_PATH)/myfirst";
			};
			name = Debug;
		};
		AAF2A3822A455AA30081C9E6 /* Release */ = {
			isa = XCBuildConfiguration;
			buildSettings = {
				ALWAYS_EMBED_SWIFT_STANDARD_LIBRARIES = YES;
				BUNDLE_LOADER = "$(TEST_HOST)";
				CODE_SIGN_STYLE = Automatic;
				CURRENT_PROJECT_VERSION = 1;
				DEVELOPMENT_TEAM = JZ6VTJF8NY;
				GENERATE_INFOPLIST_FILE = YES;
				IPHONEOS_DEPLOYMENT_TARGET = 16.4;
				MACOSX_DEPLOYMENT_TARGET = 13.3;
				MARKETING_VERSION = 1.0;
				PRODUCT_BUNDLE_IDENTIFIER = firstmy.myfirstTests;
				PRODUCT_NAME = "$(TARGET_NAME)";
				SDKROOT = auto;
				SUPPORTED_PLATFORMS = "iphoneos iphonesimulator macosx";
				SWIFT_EMIT_LOC_STRINGS = NO;
				SWIFT_VERSION = 5.0;
				TARGETED_DEVICE_FAMILY = "1,2";
				TEST_HOST = "$(BUILT_PRODUCTS_DIR)/myfirst.app/$(BUNDLE_EXECUTABLE_FOLDER_PATH)/myfirst";
			};
			name = Release;
		};
		AAF2A3842A455AA30081C9E6 /* Debug */ = {
			isa = XCBuildConfiguration;
			buildSettings = {
				ALWAYS_EMBED_SWIFT_STANDARD_LIBRARIES = YES;
				CODE_SIGN_STYLE = Automatic;
				CURRENT_PROJECT_VERSION = 1;
				DEVELOPMENT_TEAM = JZ6VTJF8NY;
				GENERATE_INFOPLIST_FILE = YES;
				IPHONEOS_DEPLOYMENT_TARGET = 16.4;
				MACOSX_DEPLOYMENT_TARGET = 13.3;
				MARKETING_VERSION = 1.0;
				PRODUCT_BUNDLE_IDENTIFIER = firstmy.myfirstUITests;
				PRODUCT_NAME = "$(TARGET_NAME)";
				SDKROOT = auto;
				SUPPORTED_PLATFORMS = "iphoneos iphonesimulator macosx";
				SWIFT_EMIT_LOC_STRINGS = NO;
				SWIFT_VERSION = 5.0;
				TARGETED_DEVICE_FAMILY = "1,2";
				TEST_TARGET_NAME = myfirst;
			};
			name = Debug;
		};
		AAF2A3852A455AA30081C9E6 /* Release */ = {
			isa = XCBuildConfiguration;
			buildSettings = {
				ALWAYS_EMBED_SWIFT_STANDARD_LIBRARIES = YES;
				CODE_SIGN_STYLE = Automatic;
				CURRENT_PROJECT_VERSION = 1;
				DEVELOPMENT_TEAM = JZ6VTJF8NY;
				GENERATE_INFOPLIST_FILE = YES;
				IPHONEOS_DEPLOYMENT_TARGET = 16.4;
				MACOSX_DEPLOYMENT_TARGET = 13.3;
				MARKETING_VERSION = 1.0;
				PRODUCT_BUNDLE_IDENTIFIER = firstmy.myfirstUITests;
				PRODUCT_NAME = "$(TARGET_NAME)";
				SDKROOT = auto;
				SUPPORTED_PLATFORMS = "iphoneos iphonesimulator macosx";
				SWIFT_EMIT_LOC_STRINGS = NO;
				SWIFT_VERSION = 5.0;
				TARGETED_DEVICE_FAMILY = "1,2";
				TEST_TARGET_NAME = myfirst;
			};
			name = Release;
		};
/* End XCBuildConfiguration section */

/* Begin XCConfigurationList section */
		AAF2A3532A455AA20081C9E6 /* Build configuration list for PBXProject "myfirst" */ = {
			isa = XCConfigurationList;
			buildConfigurations = (
				AAF2A37B2A455AA30081C9E6 /* Debug */,
				AAF2A37C2A455AA30081C9E6 /* Release */,
			);
			defaultConfigurationIsVisible = 0;
			defaultConfigurationName = Release;
		};
		AAF2A37D2A455AA30081C9E6 /* Build configuration list for PBXNativeTarget "myfirst" */ = {
			isa = XCConfigurationList;
			buildConfigurations = (
				AAF2A37E2A455AA30081C9E6 /* Debug */,
				AAF2A37F2A455AA30081C9E6 /* Release */,
			);
			defaultConfigurationIsVisible = 0;
			defaultConfigurationName = Release;
		};
		AAF2A3802A455AA30081C9E6 /* Build configuration list for PBXNativeTarget "myfirstTests" */ = {
			isa = XCConfigurationList;
			buildConfigurations = (
				AAF2A3812A455AA30081C9E6 /* Debug */,
				AAF2A3822A455AA30081C9E6 /* Release */,
			);
			defaultConfigurationIsVisible = 0;
			defaultConfigurationName = Release;
		};
		AAF2A3832A455AA30081C9E6 /* Build configuration list for PBXNativeTarget "myfirstUITests" */ = {
			isa = XCConfigurationList;
			buildConfigurations = (
				AAF2A3842A455AA30081C9E6 /* Debug */,
				AAF2A3852A455AA30081C9E6 /* Release */,
			);
			defaultConfigurationIsVisible = 0;
			defaultConfigurationName = Release;
		};
/* End XCConfigurationList section */
	};
	rootObject = AAF2A3502A455AA20081C9E6 /* Project object */;
}
